// !$*UTF8*$!
{
	archiveVersion = 1;
	classes = {
	};
	objectVersion = 46;
	objects = {

/* Begin PBXBuildFile section */
		BEFF9D2F1E5536DA002FED33 /* AppDelegate.swift in Sources */ = {isa = PBXBuildFile; fileRef = BEFF9D2E1E5536DA002FED33 /* AppDelegate.swift */; };
		BEFF9D311E5536DA002FED33 /* ViewController.swift in Sources */ = {isa = PBXBuildFile; fileRef = BEFF9D301E5536DA002FED33 /* ViewController.swift */; };
		BEFF9D341E5536DA002FED33 /* Main.storyboard in Resources */ = {isa = PBXBuildFile; fileRef = BEFF9D321E5536DA002FED33 /* Main.storyboard */; };
		BEFF9D361E5536DA002FED33 /* Assets.xcassets in Resources */ = {isa = PBXBuildFile; fileRef = BEFF9D351E5536DA002FED33 /* Assets.xcassets */; };
		BEFF9D391E5536DA002FED33 /* LaunchScreen.storyboard in Resources */ = {isa = PBXBuildFile; fileRef = BEFF9D371E5536DA002FED33 /* LaunchScreen.storyboard */; };
/* End PBXBuildFile section */

/* Begin PBXFileReference section */
		BEFF9D2B1E5536DA002FED33 /* MVPDemoSwift.app */ = {isa = PBXFileReference; explicitFileType = wrapper.application; includeInIndex = 0; path = MVPDemoSwift.app; sourceTree = BUILT_PRODUCTS_DIR; };
		BEFF9D2E1E5536DA002FED33 /* AppDelegate.swift */ = {isa = PBXFileReference; lastKnownFileType = sourcecode.swift; path = AppDelegate.swift; sourceTree = "<group>"; };
		BEFF9D301E5536DA002FED33 /* ViewController.swift */ = {isa = PBXFileReference; lastKnownFileType = sourcecode.swift; path = ViewController.swift; sourceTree = "<group>"; };
		BEFF9D331E5536DA002FED33 /* Base */ = {isa = PBXFileReference; lastKnownFileType = file.storyboard; name = Base; path = Base.lproj/Main.storyboard; sourceTree = "<group>"; };
		BEFF9D351E5536DA002FED33 /* Assets.xcassets */ = {isa = PBXFileReference; lastKnownFileType = folder.assetcatalog; path = Assets.xcassets; sourceTree = "<group>"; };
		BEFF9D381E5536DA002FED33 /* Base */ = {isa = PBXFileReference; lastKnownFileType = file.storyboard; name = Base; path = Base.lproj/LaunchScreen.storyboard; sourceTree = "<group>"; };
		BEFF9D3A1E5536DA002FED33 /* Info.plist */ = {isa = PBXFileReference; lastKnownFileType = text.plist.xml; path = Info.plist; sourceTree = "<group>"; };
/* End PBXFileReference section */

/* Begin PBXFrameworksBuildPhase section */
		BEFF9D281E5536DA002FED33 /* Frameworks */ = {
			isa = PBXFrameworksBuildPhase;
			buildActionMask = 2147483647;
			files = (
			);
			runOnlyForDeploymentPostprocessing = 0;
		};
/* End PBXFrameworksBuildPhase section */

/* Begin PBXGroup section */
		BEFF9D221E5536DA002FED33 = {
			isa = PBXGroup;
			children = (
				BEFF9D2D1E5536DA002FED33 /* MVPDemoSwift */,
				BEFF9D2C1E5536DA002FED33 /* Products */,
			);
			sourceTree = "<group>";
		};
		BEFF9D2C1E5536DA002FED33 /* Products */ = {
			isa = PBXGroup;
			children = (
				BEFF9D2B1E5536DA002FED33 /* MVPDemoSwift.app */,
			);
			name = Products;
			sourceTree = "<group>";
		};
		BEFF9D2D1E5536DA002FED33 /* MVPDemoSwift */ = {
			isa = PBXGroup;
			children = (
				BEFF9D2E1E5536DA002FED33 /* AppDelegate.swift */,
				BEFF9D301E5536DA002FED33 /* ViewController.swift */,
				BEFF9D321E5536DA002FED33 /* Main.storyboard */,
				BEFF9D351E5536DA002FED33 /* Assets.xcassets */,
				BEFF9D371E5536DA002FED33 /* LaunchScreen.storyboard */,
				BEFF9D3A1E5536DA002FED33 /* Info.plist */,
			);
			path = MVPDemoSwift;
			sourceTree = "<group>";
		};
/* End PBXGroup section */

/* Begin PBXNativeTarget section */
		BEFF9D2A1E5536DA002FED33 /* MVPDemoSwift */ = {
			isa = PBXNativeTarget;
			buildConfigurationList = BEFF9D3D1E5536DA002FED33 /* Build configuration list for PBXNativeTarget "MVPDemoSwift" */;
			buildPhases = (
				BEFF9D271E5536DA002FED33 /* Sources */,
				BEFF9D281E5536DA002FED33 /* Frameworks */,
				BEFF9D291E5536DA002FED33 /* Resources */,
			);
			buildRules = (
			);
			dependencies = (
			);
			name = MVPDemoSwift;
			productName = MVPDemoSwift;
			productReference = BEFF9D2B1E5536DA002FED33 /* MVPDemoSwift.app */;
			productType = "com.apple.product-type.application";
		};
/* End PBXNativeTarget section */

/* Begin PBXProject section */
		BEFF9D231E5536DA002FED33 /* Project object */ = {
			isa = PBXProject;
			attributes = {
				LastSwiftUpdateCheck = 0730;
				LastUpgradeCheck = 0730;
				ORGANIZATIONNAME = fly;
				TargetAttributes = {
					BEFF9D2A1E5536DA002FED33 = {
						CreatedOnToolsVersion = 7.3.1;
					};
				};
			};
			buildConfigurationList = BEFF9D261E5536DA002FED33 /* Build configuration list for PBXProject "MVPDemoSwift" */;
			compatibilityVersion = "Xcode 3.2";
			developmentRegion = English;
			hasScannedForEncodings = 0;
			knownRegions = (
				en,
				Base,
			);
			mainGroup = BEFF9D221E5536DA002FED33;
			productRefGroup = BEFF9D2C1E5536DA002FED33 /* Products */;
			projectDirPath = "";
			projectRoot = "";
			targets = (
				BEFF9D2A1E5536DA002FED33 /* MVPDemoSwift */,
			);
		};
/* End PBXProject section */

/* Begin PBXResourcesBuildPhase section */
		BEFF9D291E5536DA002FED33 /* Resources */ = {
			isa = PBXResourcesBuildPhase;
			buildActionMask = 2147483647;
			files = (
				BEFF9D391E5536DA002FED33 /* LaunchScreen.storyboard in Resources */,
				BEFF9D361E5536DA002FED33 /* Assets.xcassets in Resources */,
				BEFF9D341E5536DA002FED33 /* Main.storyboard in Resources */,
			);
			runOnlyForDeploymentPostprocessing = 0;
		};
/* End PBXResourcesBuildPhase section */

/* Begin PBXSourcesBuildPhase section */
		BEFF9D271E5536DA002FED33 /* Sources */ = {
			isa = PBXSourcesBuildPhase;
			buildActionMask = 2147483647;
			files = (
				BEFF9D311E5536DA002FED33 /* ViewController.swift in Sources */,
				BEFF9D2F1E5536DA002FED33 /* AppDelegate.swift in Sources */,
			);
			runOnlyForDeploymentPostprocessing = 0;
		};
/* End PBXSourcesBuildPhase section */

/* Begin PBXVariantGroup section */
		BEFF9D321E5536DA002FED33 /* Main.storyboard */ = {
			isa = PBXVariantGroup;
			children = (
				BEFF9D331E5536DA002FED33 /* Base */,
			);
			name = Main.storyboard;
			sourceTree = "<group>";
		};
		BEFF9D371E5536DA002FED33 /* LaunchScreen.storyboard */ = {
			isa = PBXVariantGroup;
			children = (
				BEFF9D381E5536DA002FED33 /* Base */,
			);
			name = LaunchScreen.storyboard;
			sourceTree = "<group>";
		};
/* End PBXVariantGroup section */

/* Begin XCBuildConfiguration section */
		BEFF9D3B1E5536DA002FED33 /* Debug */ = {
			isa = XCBuildConfiguration;
			buildSettings = {
				ALWAYS_SEARCH_USER_PATHS = NO;
				CLANG_ANALYZER_NONNULL = YES;
				CLANG_CXX_LANGUAGE_STANDARD = "gnu++0x";
				CLANG_CXX_LIBRARY = "libc++";
				CLANG_ENABLE_MODULES = YES;
				CLANG_ENABLE_OBJC_ARC = YES;
				CLANG_WARN_BOOL_CONVERSION = YES;
				CLANG_WARN_CONSTANT_CONVERSION = YES;
				CLANG_WARN_DIRECT_OBJC_ISA_USAGE = YES_ERROR;
				CLANG_WARN_EMPTY_BODY = YES;
				CLANG_WARN_ENUM_CONVERSION = YES;
				CLANG_WARN_INT_CONVERSION = YES;
				CLANG_WARN_OBJC_ROOT_CLASS = YES_ERROR;
				CLANG_WARN_UNREACHABLE_CODE = YES;
				CLANG_WARN__DUPLICATE_METHOD_MATCH = YES;
				"CODE_SIGN_IDENTITY[sdk=iphoneos*]" = "iPhone Developer";
				COPY_PHASE_STRIP = NO;
				DEBUG_INFORMATION_FORMAT = dwarf;
				ENABLE_STRICT_OBJC_MSGSEND = YES;
				ENABLE_TESTABILITY = YES;
				GCC_C_LANGUAGE_STANDARD = gnu99;
				GCC_DYNAMIC_NO_PIC = NO;
				GCC_NO_COMMON_BLOCKS = YES;
				GCC_OPTIMIZATION_LEVEL = 0;
				GCC_PREPROCESSOR_DEFINITIONS = (
					"DEBUG=1",
					"$(inherited)",
				);
				GCC_WARN_64_TO_32_BIT_CONVERSION = YES;
				GCC_WARN_ABOUT_RETURN_TYPE = YES_ERROR;
				GCC_WARN_UNDECLARED_SELECTOR = YES;
				GCC_WARN_UNINITIALIZED_AUTOS = YES_AGGRESSIVE;
				GCC_WARN_UNUSED_FUNCTION = YES;
				GCC_WARN_UNUSED_VARIABLE = YES;
				IPHONEOS_DEPLOYMENT_TARGET = 9.3;
				MTL_ENABLE_DEBUG_INFO = YES;
				ONLY_ACTIVE_ARCH = YES;
				SDKROOT = iphoneos;
				SWIFT_OPTIMIZATION_LEVEL = "-Onone";
			};
			name = Debug;
		};
		BEFF9D3C1E5536DA002FED33 /* Release */ = {
			isa = XCBuildConfiguration;
			buildSettings = {
				ALWAYS_SEARCH_USER_PATHS = NO;
				CLANG_ANALYZER_NONNULL = YES;
				CLANG_CXX_LANGUAGE_STANDARD = "gnu++0x";
				CLANG_CXX_LIBRARY = "libc++";
				CLANG_ENABLE_MODULES = YES;
				CLANG_ENABLE_OBJC_ARC = YES;
				CLANG_WARN_BOOL_CONVERSION = YES;
				CLANG_WARN_CONSTANT_CONVERSION = YES;
				CLANG_WARN_DIRECT_OBJC_ISA_USAGE = YES_ERROR;
				CLANG_WARN_EMPTY_BODY = YES;
				CLANG_WARN_ENUM_CONVERSION = YES;
				CLANG_WARN_INT_CONVERSION = YES;
				CLANG_WARN_OBJC_ROOT_CLASS = YES_ERROR;
				CLANG_WARN_UNREACHABLE_CODE = YES;
				CLANG_WARN__DUPLICATE_METHOD_MATCH = YES;
				"CODE_SIGN_IDENTITY[sdk=iphoneos*]" = "iPhone Developer";
				COPY_PHASE_STRIP = NO;
				DEBUG_INFORMATION_FORMAT = "dwarf-with-dsym";
				ENABLE_NS_ASSERTIONS = NO;
				ENABLE_STRICT_OBJC_MSGSEND = YES;
				GCC_C_LANGUAGE_STANDARD = gnu99;
				GCC_NO_COMMON_BLOCKS = YES;
				GCC_WARN_64_TO_32_BIT_CONVERSION = YES;
				GCC_WARN_ABOUT_RETURN_TYPE = YES_ERROR;
				GCC_WARN_UNDECLARED_SELECTOR = YES;
				GCC_WARN_UNINITIALIZED_AUTOS = YES_AGGRESSIVE;
				GCC_WARN_UNUSED_FUNCTION = YES;
				GCC_WARN_UNUSED_VARIABLE = YES;
				IPHONEOS_DEPLOYMENT_TARGET = 9.3;
				MTL_ENABLE_DEBUG_INFO = NO;
				SDKROOT = iphoneos;
				VALIDATE_PRODUCT = YES;
			};
			name = Release;
		};
		BEFF9D3E1E5536DA002FED33 /* Debug */ = {
			isa = XCBuildConfiguration;
			buildSettings = {
				ASSETCATALOG_COMPILER_APPICON_NAME = AppIcon;
				INFOPLIST_FILE = MVPDemoSwift/Info.plist;
				LD_RUNPATH_SEARCH_PATHS = "$(inherited) @executable_path/Frameworks";
				PRODUCT_BUNDLE_IDENTIFIER = com.zzcz.fly.MVPDemoSwift;
				PRODUCT_NAME = "$(TARGET_NAME)";
			};
			name = Debug;
		};
		BEFF9D3F1E5536DA002FED33 /* Release */ = {
			isa = XCBuildConfiguration;
			buildSettings = {
				ASSETCATALOG_COMPILER_APPICON_NAME = AppIcon;
				INFOPLIST_FILE = MVPDemoSwift/Info.plist;
				LD_RUNPATH_SEARCH_PATHS = "$(inherited) @executable_path/Frameworks";
				PRODUCT_BUNDLE_IDENTIFIER = com.zzcz.fly.MVPDemoSwift;
				PRODUCT_NAME = "$(TARGET_NAME)";
			};
			name = Release;
		};
/* End XCBuildConfiguration section */

/* Begin XCConfigurationList section */
		BEFF9D261E5536DA002FED33 /* Build configuration list for PBXProject "MVPDemoSwift" */ = {
			isa = XCConfigurationList;
			buildConfigurations = (
				BEFF9D3B1E5536DA002FED33 /* Debug */,
				BEFF9D3C1E5536DA002FED33 /* Release */,
			);
			defaultConfigurationIsVisible = 0;
			defaultConfigurationName = Release;
		};
		BEFF9D3D1E5536DA002FED33 /* Build configuration list for PBXNativeTarget "MVPDemoSwift" */ = {
			isa = XCConfigurationList;
			buildConfigurations = (
				BEFF9D3E1E5536DA002FED33 /* Debug */,
				BEFF9D3F1E5536DA002FED33 /* Release */,
			);
			defaultConfigurationIsVisible = 0;
		};
/* End XCConfigurationList section */
	};
	rootObject = BEFF9D231E5536DA002FED33 /* Project object */;
}
